
Microsoft Visual Studio Solution File, Format Version 12.00
# Visual Studio Version 17
VisualStudioVersion = 17.0.32112.339
MinimumVisualStudioVersion = 10.0.40219.1
Project("{FAE04EC0-301F-11D3-BF4B-00C04F79EFBC}") = "UI", "UI\UI.csproj", "{55FB37D0-279E-48F8-94D3-8A4180529FDB}"
EndProject
Project("{FAE04EC0-301F-11D3-BF4B-00C04F79EFBC}") = "DAL", "DAL\DAL.csproj", "{EFACBF27-56F9-402F-84AC-8A594CB51B86}"
EndProject
Global
	GlobalSection(SolutionConfigurationPlatforms) = preSolution
		Debug|Any CPU = Debug|Any CPU
		Debug|ARM = Debug|ARM
		Debug|ARM64 = Debug|ARM64
		Debug|x64 = Debug|x64
		Debug|x86 = Debug|x86
		Release|Any CPU = Release|Any CPU
		Release|ARM = Release|ARM
		Release|ARM64 = Release|ARM64
		Release|x64 = Release|x64
		Release|x86 = Release|x86
	EndGlobalSection
	GlobalSection(ProjectConfigurationPlatforms) = postSolution
		{55FB37D0-279E-48F8-94D3-8A4180529FDB}.Debug|Any CPU.ActiveCfg = Debug|Any CPU
		{55FB37D0-279E-48F8-94D3-8A4180529FDB}.Debug|Any CPU.Build.0 = Debug|Any CPU
		{55FB37D0-279E-48F8-94D3-8A4180529FDB}.Debug|ARM.ActiveCfg = Debug|Any CPU
		{55FB37D0-279E-48F8-94D3-8A4180529FDB}.Debug|ARM.Build.0 = Debug|Any CPU
		{55FB37D0-279E-48F8-94D3-8A4180529FDB}.Debug|ARM64.ActiveCfg = Debug|Any CPU
		{55FB37D0-279E-48F8-94D3-8A4180529FDB}.Debug|ARM64.Build.0 = Debug|Any CPU
		{55FB37D0-279E-48F8-94D3-8A4180529FDB}.Debug|x64.ActiveCfg = Debug|Any CPU
		{55FB37D0-279E-48F8-94D3-8A4180529FDB}.Debug|x64.Build.0 = Debug|Any CPU
		{55FB37D0-279E-48F8-94D3-8A4180529FDB}.Debug|x86.ActiveCfg = Debug|Any CPU
		{55FB37D0-279E-48F8-94D3-8A4180529FDB}.Debug|x86.Build.0 = Debug|Any CPU
		{55FB37D0-279E-48F8-94D3-8A4180529FDB}.Release|Any CPU.ActiveCfg = Release|Any CPU
		{55FB37D0-279E-48F8-94D3-8A4180529FDB}.Release|Any CPU.Build.0 = Release|Any CPU
		{55FB37D0-279E-48F8-94D3-8A4180529FDB}.Release|ARM.ActiveCfg = Release|Any CPU
		{55FB37D0-279E-48F8-94D3-8A4180529FDB}.Release|ARM.Build.0 = Release|Any CPU
		{55FB37D0-279E-48F8-94D3-8A4180529FDB}.Release|ARM64.ActiveCfg = Release|Any CPU
		{55FB37D0-279E-48F8-94D3-8A4180529FDB}.Release|ARM64.Build.0 = Release|Any CPU
		{55FB37D0-279E-48F8-94D3-8A4180529FDB}.Release|x64.ActiveCfg = Release|Any CPU
		{55FB37D0-279E-48F8-94D3-8A4180529FDB}.Release|x64.Build.0 = Release|Any CPU
		{55FB37D0-279E-48F8-94D3-8A4180529FDB}.Release|x86.ActiveCfg = Release|Any CPU
		{55FB37D0-279E-48F8-94D3-8A4180529FDB}.Release|x86.Build.0 = Release|Any CPU
		{EFACBF27-56F9-402F-84AC-8A594CB51B86}.Debug|Any CPU.ActiveCfg = Debug|Any CPU
		{EFACBF27-56F9-402F-84AC-8A594CB51B86}.Debug|Any CPU.Build.0 = Debug|Any CPU
		{EFACBF27-56F9-402F-84AC-8A594CB51B86}.Debug|ARM.ActiveCfg = Debug|Any CPU
		{EFACBF27-56F9-402F-84AC-8A594CB51B86}.Debug|ARM.Build.0 = Debug|Any CPU
		{EFACBF27-56F9-402F-84AC-8A594CB51B86}.Debug|ARM64.ActiveCfg = Debug|Any CPU
		{EFACBF27-56F9-402F-84AC-8A594CB51B86}.Debug|ARM64.Build.0 = Debug|Any CPU
		{EFACBF27-56F9-402F-84AC-8A594CB51B86}.Debug|x64.ActiveCfg = Debug|Any CPU
		{EFACBF27-56F9-402F-84AC-8A594CB51B86}.Debug|x64.Build.0 = Debug|Any CPU
		{EFACBF27-56F9-402F-84AC-8A594CB51B86}.Debug|x86.ActiveCfg = Debug|Any CPU
		{EFACBF27-56F9-402F-84AC-8A594CB51B86}.Debug|x86.Build.0 = Debug|Any CPU
		{EFACBF27-56F9-402F-84AC-8A594CB51B86}.Release|Any CPU.ActiveCfg = Release|Any CPU
		{EFACBF27-56F9-402F-84AC-8A594CB51B86}.Release|Any CPU.Build.0 = Release|Any CPU
		{EFACBF27-56F9-402F-84AC-8A594CB51B86}.Release|ARM.ActiveCfg = Release|Any CPU
		{EFACBF27-56F9-402F-84AC-8A594CB51B86}.Release|ARM.Build.0 = Release|Any CPU
		{EFACBF27-56F9-402F-84AC-8A594CB51B86}.Release|ARM64.ActiveCfg = Release|Any CPU
		{EFACBF27-56F9-402F-84AC-8A594CB51B86}.Release|ARM64.Build.0 = Release|Any CPU
		{EFACBF27-56F9-402F-84AC-8A594CB51B86}.Release|x64.ActiveCfg = Release|Any CPU
		{EFACBF27-56F9-402F-84AC-8A594CB51B86}.Release|x64.Build.0 = Release|Any CPU
		{EFACBF27-56F9-402F-84AC-8A594CB51B86}.Release|x86.ActiveCfg = Release|Any CPU
		{EFACBF27-56F9-402F-84AC-8A594CB51B86}.Release|x86.Build.0 = Release|Any CPU
	EndGlobalSection
	GlobalSection(SolutionProperties) = preSolution
		HideSolutionNode = FALSE
	EndGlobalSection
	GlobalSection(ExtensibilityGlobals) = postSolution
		SolutionGuid = {34F03A3A-4991-468F-9F2A-2FA15922837A}
	EndGlobalSection
EndGlobal
